<Solution>
  <Folder Name="/Bindings/" />
  <Folder Name="/Bindings/Dhara/">
    <Project Path="src/bindings/Dhara.Storage.ConsumerSmoke/Dhara.Storage.ConsumerSmoke.csproj" />
    <Project Path="src/bindings/Dhara.Storage.Tests/Dhara.Storage.Tests.csproj" />
    <Project Path="src/bindings/Dhara.Storage/Dhara.Storage.csproj" />
  </Folder>
  <Folder Name="/Solution Items/">
    <File Path=".editorconfig" />
  </Folder>
</Solution>
